// !$*UTF8*$!
{
	archiveVersion = 1;
	classes = {
	};
	objectVersion = 77;
	objects = {

/* Begin PBXBuildFile section */
		4922A2DE2E093D6100D90BA8 /* ViewModelsDocumentation.docc in Sources */ = {isa = PBXBuildFile; fileRef = 4922A2DD2E093D6100D90BA8 /* ViewModelsDocumentation.docc */; };
		4922A3622E0A784B00D90BA8 /* BluetoothKit in Frameworks */ = {isa = PBXBuildFile; productRef = 4922A3612E0A784B00D90BA8 /* BluetoothKit */; };
/* End PBXBuildFile section */

/* Begin PBXContainerItemProxy section */
		492F1F422DDB33FF00F2D26E /* PBXContainerItemProxy */ = {
			isa = PBXContainerItemProxy;
			containerPortal = 492F1F2C2DDB33FD00F2D26E /* Project object */;
			proxyType = 1;
			remoteGlobalIDString = 492F1F332DDB33FD00F2D26E;
			remoteInfo = personal;
		};
		492F1F4C2DDB33FF00F2D26E /* PBXContainerItemProxy */ = {
			isa = PBXContainerItemProxy;
			containerPortal = 492F1F2C2DDB33FD00F2D26E /* Project object */;
			proxyType = 1;
			remoteGlobalIDString = 492F1F332DDB33FD00F2D26E;
			remoteInfo = personal;
		};
/* End PBXContainerItemProxy section */

/* Begin PBXFileReference section */
		4922A2DD2E093D6100D90BA8 /* ViewModelsDocumentation.docc */ = {isa = PBXFileReference; lastKnownFileType = folder.documentationcatalog; path = ViewModelsDocumentation.docc; sourceTree = "<group>"; };
		492F1F342DDB33FD00F2D26E /* LinkBandDemo.app */ = {isa = PBXFileReference; explicitFileType = wrapper.application; includeInIndex = 0; path = LinkBandDemo.app; sourceTree = BUILT_PRODUCTS_DIR; };
		492F1F412DDB33FF00F2D26E /* LinkBandDemoTests.xctest */ = {isa = PBXFileReference; explicitFileType = wrapper.cfbundle; includeInIndex = 0; path = LinkBandDemoTests.xctest; sourceTree = BUILT_PRODUCTS_DIR; };
		492F1F4B2DDB33FF00F2D26E /* LinkBandDemoUITests.xctest */ = {isa = PBXFileReference; explicitFileType = wrapper.cfbundle; includeInIndex = 0; path = LinkBandDemoUITests.xctest; sourceTree = BUILT_PRODUCTS_DIR; };
/* End PBXFileReference section */

/* Begin PBXFileSystemSynchronizedRootGroup section */
		492F1F362DDB33FD00F2D26E /* LinkBandDemo */ = {
			isa = PBXFileSystemSynchronizedRootGroup;
			path = LinkBandDemo;
			sourceTree = "<group>";
		};
		492F1F442DDB33FF00F2D26E /* LinkBandDemoTests */ = {
			isa = PBXFileSystemSynchronizedRootGroup;
			path = LinkBandDemoTests;
			sourceTree = "<group>";
		};
		492F1F4E2DDB33FF00F2D26E /* LinkBandDemoUITests */ = {
			isa = PBXFileSystemSynchronizedRootGroup;
			path = LinkBandDemoUITests;
			sourceTree = "<group>";
		};
/* End PBXFileSystemSynchronizedRootGroup section */

/* Begin PBXFrameworksBuildPhase section */
		492F1F312DDB33FD00F2D26E /* Frameworks */ = {
			isa = PBXFrameworksBuildPhase;
			buildActionMask = 2147483647;
			files = (
				4922A3622E0A784B00D90BA8 /* BluetoothKit in Frameworks */,
			);
			runOnlyForDeploymentPostprocessing = 0;
		};
		492F1F3E2DDB33FF00F2D26E /* Frameworks */ = {
			isa = PBXFrameworksBuildPhase;
			buildActionMask = 2147483647;
			files = (
			);
			runOnlyForDeploymentPostprocessing = 0;
		};
		492F1F482DDB33FF00F2D26E /* Frameworks */ = {
			isa = PBXFrameworksBuildPhase;
			buildActionMask = 2147483647;
			files = (
			);
			runOnlyForDeploymentPostprocessing = 0;
		};
/* End PBXFrameworksBuildPhase section */

/* Begin PBXGroup section */
		492F1F2B2DDB33FD00F2D26E = {
			isa = PBXGroup;
			children = (
				4922A2DD2E093D6100D90BA8 /* ViewModelsDocumentation.docc */,
				492F1F362DDB33FD00F2D26E /* LinkBandDemo */,
				492F1F442DDB33FF00F2D26E /* LinkBandDemoTests */,
				492F1F4E2DDB33FF00F2D26E /* LinkBandDemoUITests */,
				49AD9C802DE82BD300547999 /* Frameworks */,
				492F1F352DDB33FD00F2D26E /* Products */,
			);
			sourceTree = "<group>";
		};
		492F1F352DDB33FD00F2D26E /* Products */ = {
			isa = PBXGroup;
			children = (
				492F1F342DDB33FD00F2D26E /* LinkBandDemo.app */,
				492F1F412DDB33FF00F2D26E /* LinkBandDemoTests.xctest */,
				492F1F4B2DDB33FF00F2D26E /* LinkBandDemoUITests.xctest */,
			);
			name = Products;
			sourceTree = "<group>";
		};
		49AD9C802DE82BD300547999 /* Frameworks */ = {
			isa = PBXGroup;
			children = (
			);
			name = Frameworks;
			sourceTree = "<group>";
		};
/* End PBXGroup section */

/* Begin PBXNativeTarget section */
		492F1F332DDB33FD00F2D26E /* LinkBandDemo */ = {
			isa = PBXNativeTarget;
			buildConfigurationList = 492F1F552DDB33FF00F2D26E /* Build configuration list for PBXNativeTarget "LinkBandDemo" */;
			buildPhases = (
				492F1F302DDB33FD00F2D26E /* Sources */,
				492F1F312DDB33FD00F2D26E /* Frameworks */,
			);
			buildRules = (
			);
			dependencies = (
			);
			fileSystemSynchronizedGroups = (
				492F1F362DDB33FD00F2D26E /* LinkBandDemo */,
			);
			name = LinkBandDemo;
			packageProductDependencies = (
				4922A3612E0A784B00D90BA8 /* BluetoothKit */,
			);
			productName = personal;
			productReference = 492F1F342DDB33FD00F2D26E /* LinkBandDemo.app */;
			productType = "com.apple.product-type.application";
		};
		492F1F402DDB33FF00F2D26E /* LinkBandDemoTests */ = {
			isa = PBXNativeTarget;
			buildConfigurationList = 492F1F582DDB33FF00F2D26E /* Build configuration list for PBXNativeTarget "LinkBandDemoTests" */;
			buildPhases = (
				492F1F3D2DDB33FF00F2D26E /* Sources */,
				492F1F3E2DDB33FF00F2D26E /* Frameworks */,
				492F1F3F2DDB33FF00F2D26E /* Resources */,
			);
			buildRules = (
			);
			dependencies = (
				492F1F432DDB33FF00F2D26E /* PBXTargetDependency */,
			);
			fileSystemSynchronizedGroups = (
				492F1F442DDB33FF00F2D26E /* LinkBandDemoTests */,
			);
			name = LinkBandDemoTests;
			packageProductDependencies = (
			);
			productName = personalTests;
			productReference = 492F1F412DDB33FF00F2D26E /* LinkBandDemoTests.xctest */;
			productType = "com.apple.product-type.bundle.unit-test";
		};
		492F1F4A2DDB33FF00F2D26E /* LinkBandDemoUITests */ = {
			isa = PBXNativeTarget;
			buildConfigurationList = 492F1F5B2DDB33FF00F2D26E /* Build configuration list for PBXNativeTarget "LinkBandDemoUITests" */;
			buildPhases = (
				492F1F472DDB33FF00F2D26E /* Sources */,
				492F1F482DDB33FF00F2D26E /* Frameworks */,
				492F1F492DDB33FF00F2D26E /* Resources */,
			);
			buildRules = (
			);
			dependencies = (
				492F1F4D2DDB33FF00F2D26E /* PBXTargetDependency */,
			);
			fileSystemSynchronizedGroups = (
				492F1F4E2DDB33FF00F2D26E /* LinkBandDemoUITests */,
			);
			name = LinkBandDemoUITests;
			packageProductDependencies = (
			);
			productName = personalUITests;
			productReference = 492F1F4B2DDB33FF00F2D26E /* LinkBandDemoUITests.xctest */;
			productType = "com.apple.product-type.bundle.ui-testing";
		};
/* End PBXNativeTarget section */

/* Begin PBXProject section */
		492F1F2C2DDB33FD00F2D26E /* Project object */ = {
			isa = PBXProject;
			attributes = {
				BuildIndependentTargetsInParallel = 1;
				LastSwiftUpdateCheck = 1630;
				LastUpgradeCheck = 1630;
				TargetAttributes = {
					492F1F332DDB33FD00F2D26E = {
						CreatedOnToolsVersion = 16.3;
					};
					492F1F402DDB33FF00F2D26E = {
						CreatedOnToolsVersion = 16.3;
						TestTargetID = 492F1F332DDB33FD00F2D26E;
					};
					492F1F4A2DDB33FF00F2D26E = {
						CreatedOnToolsVersion = 16.3;
						TestTargetID = 492F1F332DDB33FD00F2D26E;
					};
				};
			};
			buildConfigurationList = 492F1F2F2DDB33FD00F2D26E /* Build configuration list for PBXProject "LinkBandDemo" */;
			developmentRegion = en;
			hasScannedForEncodings = 0;
			knownRegions = (
				en,
				Base,
			);
			mainGroup = 492F1F2B2DDB33FD00F2D26E;
			minimizedProjectReferenceProxies = 1;
			packageReferences = (
				4922A3602E0A783B00D90BA8 /* XCRemoteSwiftPackageReference "SDK-iOS" */,
			);
			preferredProjectObjectVersion = 77;
			productRefGroup = 492F1F352DDB33FD00F2D26E /* Products */;
			projectDirPath = "";
			projectRoot = "";
			targets = (
				492F1F332DDB33FD00F2D26E /* LinkBandDemo */,
				492F1F402DDB33FF00F2D26E /* LinkBandDemoTests */,
				492F1F4A2DDB33FF00F2D26E /* LinkBandDemoUITests */,
			);
		};
/* End PBXProject section */

/* Begin PBXResourcesBuildPhase section */
		492F1F3F2DDB33FF00F2D26E /* Resources */ = {
			isa = PBXResourcesBuildPhase;
			buildActionMask = 2147483647;
			files = (
			);
			runOnlyForDeploymentPostprocessing = 0;
		};
		492F1F492DDB33FF00F2D26E /* Resources */ = {
			isa = PBXResourcesBuildPhase;
			buildActionMask = 2147483647;
			files = (
			);
			runOnlyForDeploymentPostprocessing = 0;
		};
/* End PBXResourcesBuildPhase section */

/* Begin PBXSourcesBuildPhase section */
		492F1F302DDB33FD00F2D26E /* Sources */ = {
			isa = PBXSourcesBuildPhase;
			buildActionMask = 2147483647;
			files = (
				4922A2DE2E093D6100D90BA8 /* ViewModelsDocumentation.docc in Sources */,
			);
			runOnlyForDeploymentPostprocessing = 0;
		};
		492F1F3D2DDB33FF00F2D26E /* Sources */ = {
			isa = PBXSourcesBuildPhase;
			buildActionMask = 2147483647;
			files = (
			);
			runOnlyForDeploymentPostprocessing = 0;
		};
		492F1F472DDB33FF00F2D26E /* Sources */ = {
			isa = PBXSourcesBuildPhase;
			buildActionMask = 2147483647;
			files = (
			);
			runOnlyForDeploymentPostprocessing = 0;
		};
/* End PBXSourcesBuildPhase section */

/* Begin PBXTargetDependency section */
		492F1F432DDB33FF00F2D26E /* PBXTargetDependency */ = {
			isa = PBXTargetDependency;
			target = 492F1F332DDB33FD00F2D26E /* LinkBandDemo */;
			targetProxy = 492F1F422DDB33FF00F2D26E /* PBXContainerItemProxy */;
		};
		492F1F4D2DDB33FF00F2D26E /* PBXTargetDependency */ = {
			isa = PBXTargetDependency;
			target = 492F1F332DDB33FD00F2D26E /* LinkBandDemo */;
			targetProxy = 492F1F4C2DDB33FF00F2D26E /* PBXContainerItemProxy */;
		};
/* End PBXTargetDependency section */

/* Begin XCBuildConfiguration section */
		492F1F532DDB33FF00F2D26E /* Debug */ = {
			isa = XCBuildConfiguration;
			buildSettings = {
				ALWAYS_SEARCH_USER_PATHS = NO;
				ASSETCATALOG_COMPILER_GENERATE_SWIFT_ASSET_SYMBOL_EXTENSIONS = YES;
				CLANG_ANALYZER_NONNULL = YES;
				CLANG_ANALYZER_NUMBER_OBJECT_CONVERSION = YES_AGGRESSIVE;
				CLANG_CXX_LANGUAGE_STANDARD = "gnu++20";
				CLANG_ENABLE_MODULES = YES;
				CLANG_ENABLE_OBJC_ARC = YES;
				CLANG_ENABLE_OBJC_WEAK = YES;
				CLANG_WARN_BLOCK_CAPTURE_AUTORELEASING = YES;
				CLANG_WARN_BOOL_CONVERSION = YES;
				CLANG_WARN_COMMA = YES;
				CLANG_WARN_CONSTANT_CONVERSION = YES;
				CLANG_WARN_DEPRECATED_OBJC_IMPLEMENTATIONS = YES;
				CLANG_WARN_DIRECT_OBJC_ISA_USAGE = YES_ERROR;
				CLANG_WARN_DOCUMENTATION_COMMENTS = YES;
				CLANG_WARN_EMPTY_BODY = YES;
				CLANG_WARN_ENUM_CONVERSION = YES;
				CLANG_WARN_INFINITE_RECURSION = YES;
				CLANG_WARN_INT_CONVERSION = YES;
				CLANG_WARN_NON_LITERAL_NULL_CONVERSION = YES;
				CLANG_WARN_OBJC_IMPLICIT_RETAIN_SELF = YES;
				CLANG_WARN_OBJC_LITERAL_CONVERSION = YES;
				CLANG_WARN_OBJC_ROOT_CLASS = YES_ERROR;
				CLANG_WARN_QUOTED_INCLUDE_IN_FRAMEWORK_HEADER = YES;
				CLANG_WARN_RANGE_LOOP_ANALYSIS = YES;
				CLANG_WARN_STRICT_PROTOTYPES = YES;
				CLANG_WARN_SUSPICIOUS_MOVE = YES;
				CLANG_WARN_UNGUARDED_AVAILABILITY = YES_AGGRESSIVE;
				CLANG_WARN_UNREACHABLE_CODE = YES;
				CLANG_WARN__DUPLICATE_METHOD_MATCH = YES;
				COPY_PHASE_STRIP = NO;
				DEBUG_INFORMATION_FORMAT = dwarf;
				ENABLE_STRICT_OBJC_MSGSEND = YES;
				ENABLE_TESTABILITY = YES;
				ENABLE_USER_SCRIPT_SANDBOXING = YES;
				GCC_C_LANGUAGE_STANDARD = gnu17;
				GCC_DYNAMIC_NO_PIC = NO;
				GCC_NO_COMMON_BLOCKS = YES;
				GCC_OPTIMIZATION_LEVEL = 0;
				GCC_PREPROCESSOR_DEFINITIONS = (
					"DEBUG=1",
					"$(inherited)",
				);
				GCC_WARN_64_TO_32_BIT_CONVERSION = YES;
				GCC_WARN_ABOUT_RETURN_TYPE = YES_ERROR;
				GCC_WARN_UNDECLARED_SELECTOR = YES;
				GCC_WARN_UNINITIALIZED_AUTOS = YES_AGGRESSIVE;
				GCC_WARN_UNUSED_FUNCTION = YES;
				GCC_WARN_UNUSED_VARIABLE = YES;
				IPHONEOS_DEPLOYMENT_TARGET = 18.4;
				LOCALIZATION_PREFERS_STRING_CATALOGS = YES;
				MTL_ENABLE_DEBUG_INFO = INCLUDE_SOURCE;
				MTL_FAST_MATH = YES;
				ONLY_ACTIVE_ARCH = YES;
				SDKROOT = iphoneos;
				SWIFT_ACTIVE_COMPILATION_CONDITIONS = "DEBUG $(inherited)";
				SWIFT_OPTIMIZATION_LEVEL = "-Onone";
			};
			name = Debug;
		};
		492F1F542DDB33FF00F2D26E /* Release */ = {
			isa = XCBuildConfiguration;
			buildSettings = {
				ALWAYS_SEARCH_USER_PATHS = NO;
				ASSETCATALOG_COMPILER_GENERATE_SWIFT_ASSET_SYMBOL_EXTENSIONS = YES;
				CLANG_ANALYZER_NONNULL = YES;
				CLANG_ANALYZER_NUMBER_OBJECT_CONVERSION = YES_AGGRESSIVE;
				CLANG_CXX_LANGUAGE_STANDARD = "gnu++20";
				CLANG_ENABLE_MODULES = YES;
				CLANG_ENABLE_OBJC_ARC = YES;
				CLANG_ENABLE_OBJC_WEAK = YES;
				CLANG_WARN_BLOCK_CAPTURE_AUTORELEASING = YES;
				CLANG_WARN_BOOL_CONVERSION = YES;
				CLANG_WARN_COMMA = YES;
				CLANG_WARN_CONSTANT_CONVERSION = YES;
				CLANG_WARN_DEPRECATED_OBJC_IMPLEMENTATIONS = YES;
				CLANG_WARN_DIRECT_OBJC_ISA_USAGE = YES_ERROR;
				CLANG_WARN_DOCUMENTATION_COMMENTS = YES;
				CLANG_WARN_EMPTY_BODY = YES;
				CLANG_WARN_ENUM_CONVERSION = YES;
				CLANG_WARN_INFINITE_RECURSION = YES;
				CLANG_WARN_INT_CONVERSION = YES;
				CLANG_WARN_NON_LITERAL_NULL_CONVERSION = YES;
				CLANG_WARN_OBJC_IMPLICIT_RETAIN_SELF = YES;
				CLANG_WARN_OBJC_LITERAL_CONVERSION = YES;
				CLANG_WARN_OBJC_ROOT_CLASS = YES_ERROR;
				CLANG_WARN_QUOTED_INCLUDE_IN_FRAMEWORK_HEADER = YES;
				CLANG_WARN_RANGE_LOOP_ANALYSIS = YES;
				CLANG_WARN_STRICT_PROTOTYPES = YES;
				CLANG_WARN_SUSPICIOUS_MOVE = YES;
				CLANG_WARN_UNGUARDED_AVAILABILITY = YES_AGGRESSIVE;
				CLANG_WARN_UNREACHABLE_CODE = YES;
				CLANG_WARN__DUPLICATE_METHOD_MATCH = YES;
				COPY_PHASE_STRIP = NO;
				DEBUG_INFORMATION_FORMAT = "dwarf-with-dsym";
				ENABLE_NS_ASSERTIONS = NO;
				ENABLE_STRICT_OBJC_MSGSEND = YES;
				ENABLE_USER_SCRIPT_SANDBOXING = YES;
				GCC_C_LANGUAGE_STANDARD = gnu17;
				GCC_NO_COMMON_BLOCKS = YES;
				GCC_WARN_64_TO_32_BIT_CONVERSION = YES;
				GCC_WARN_ABOUT_RETURN_TYPE = YES_ERROR;
				GCC_WARN_UNDECLARED_SELECTOR = YES;
				GCC_WARN_UNINITIALIZED_AUTOS = YES_AGGRESSIVE;
				GCC_WARN_UNUSED_FUNCTION = YES;
				GCC_WARN_UNUSED_VARIABLE = YES;
				IPHONEOS_DEPLOYMENT_TARGET = 18.4;
				LOCALIZATION_PREFERS_STRING_CATALOGS = YES;
				MTL_ENABLE_DEBUG_INFO = NO;
				MTL_FAST_MATH = YES;
				SDKROOT = iphoneos;
				SWIFT_COMPILATION_MODE = wholemodule;
				VALIDATE_PRODUCT = YES;
			};
			name = Release;
		};
		492F1F562DDB33FF00F2D26E /* Debug */ = {
			isa = XCBuildConfiguration;
			buildSettings = {
				ASSETCATALOG_COMPILER_APPICON_NAME = AppIcon;
				ASSETCATALOG_COMPILER_GLOBAL_ACCENT_COLOR_NAME = AccentColor;
				CODE_SIGN_STYLE = Automatic;
				CURRENT_PROJECT_VERSION = 1;
				DEVELOPMENT_TEAM = 6HS3H7Q8F3;
				ENABLE_PREVIEWS = YES;
				GENERATE_INFOPLIST_FILE = YES;
				INFOPLIST_FILE = LinkBandDemo/Info.plist;
				INFOPLIST_KEY_LSSupportsOpeningDocumentsInPlace = YES;
				INFOPLIST_KEY_NSBluetoothAlwaysUsageDescription = "This app uses Bluetooth to connect to biomedical sensor devices for real-time data collection including EEG, PPG, and accelerometer data.";
				INFOPLIST_KEY_NSBluetoothPeripheralUsageDescription = "This app uses Bluetooth to connect to biomedical sensor devices for real-time data collection.";
				INFOPLIST_KEY_UIApplicationSupportsIndirectInputEvents = YES;
				INFOPLIST_KEY_UIFileSharingEnabled = YES;
				INFOPLIST_KEY_UIRequiredDeviceCapabilities = armv7;
				INFOPLIST_KEY_UISupportedInterfaceOrientations = "UIInterfaceOrientationPortrait UIInterfaceOrientationLandscapeLeft UIInterfaceOrientationLandscapeRight";
				INFOPLIST_KEY_UISupportedInterfaceOrientations_iPad = "UIInterfaceOrientationPortrait UIInterfaceOrientationPortraitUpsideDown UIInterfaceOrientationLandscapeLeft UIInterfaceOrientationLandscapeRight";
				INFOPLIST_KEY_UISupportedInterfaceOrientations_iPhone = "UIInterfaceOrientationPortrait UIInterfaceOrientationLandscapeLeft UIInterfaceOrientationLandscapeRight";
				LD_RUNPATH_SEARCH_PATHS = (
					"$(inherited)",
					"@executable_path/Frameworks",
				);
				MARKETING_VERSION = 1.0;
				PRODUCT_BUNDLE_IDENTIFIER = com.looxidlabs.ioslinkbandsdk;
				PRODUCT_NAME = "$(TARGET_NAME)";
				SWIFT_EMIT_LOC_STRINGS = YES;
				SWIFT_VERSION = 5.0;
				TARGETED_DEVICE_FAMILY = "1,2";
			};
			name = Debug;
		};
		492F1F572DDB33FF00F2D26E /* Release */ = {
			isa = XCBuildConfiguration;
			buildSettings = {
				ASSETCATALOG_COMPILER_APPICON_NAME = AppIcon;
				ASSETCATALOG_COMPILER_GLOBAL_ACCENT_COLOR_NAME = AccentColor;
				CODE_SIGN_STYLE = Automatic;
				CURRENT_PROJECT_VERSION = 1;
				DEVELOPMENT_TEAM = 6HS3H7Q8F3;
				ENABLE_PREVIEWS = YES;
				GENERATE_INFOPLIST_FILE = YES;
				INFOPLIST_FILE = LinkBandDemo/Info.plist;
				INFOPLIST_KEY_LSSupportsOpeningDocumentsInPlace = YES;
				INFOPLIST_KEY_NSBluetoothAlwaysUsageDescription = "This app uses Bluetooth to connect to biomedical sensor devices for real-time data collection including EEG, PPG, and accelerometer data.";
				INFOPLIST_KEY_NSBluetoothPeripheralUsageDescription = "This app uses Bluetooth to connect to biomedical sensor devices for real-time data collection.";
				INFOPLIST_KEY_UIApplicationSupportsIndirectInputEvents = YES;
				INFOPLIST_KEY_UIFileSharingEnabled = YES;
				INFOPLIST_KEY_UIRequiredDeviceCapabilities = armv7;
				INFOPLIST_KEY_UISupportedInterfaceOrientations = "UIInterfaceOrientationPortrait UIInterfaceOrientationLandscapeLeft UIInterfaceOrientationLandscapeRight";
				INFOPLIST_KEY_UISupportedInterfaceOrientations_iPad = "UIInterfaceOrientationPortrait UIInterfaceOrientationPortraitUpsideDown UIInterfaceOrientationLandscapeLeft UIInterfaceOrientationLandscapeRight";
				INFOPLIST_KEY_UISupportedInterfaceOrientations_iPhone = "UIInterfaceOrientationPortrait UIInterfaceOrientationLandscapeLeft UIInterfaceOrientationLandscapeRight";
				LD_RUNPATH_SEARCH_PATHS = (
					"$(inherited)",
					"@executable_path/Frameworks",
				);
				MARKETING_VERSION = 1.0;
				PRODUCT_BUNDLE_IDENTIFIER = com.looxidlabs.ioslinkbandsdk;
				PRODUCT_NAME = "$(TARGET_NAME)";
				SWIFT_EMIT_LOC_STRINGS = YES;
				SWIFT_VERSION = 5.0;
				TARGETED_DEVICE_FAMILY = "1,2";
			};
			name = Release;
		};
		492F1F592DDB33FF00F2D26E /* Debug */ = {
			isa = XCBuildConfiguration;
			buildSettings = {
				BUNDLE_LOADER = "$(TEST_HOST)";
				CODE_SIGN_STYLE = Automatic;
				CURRENT_PROJECT_VERSION = 1;
				GENERATE_INFOPLIST_FILE = YES;
				IPHONEOS_DEPLOYMENT_TARGET = 18.4;
				MARKETING_VERSION = 1.0;
				PRODUCT_BUNDLE_IDENTIFIER = "Jack. LinkBandDemoTests";
				PRODUCT_NAME = "$(TARGET_NAME)";
				SWIFT_EMIT_LOC_STRINGS = NO;
				SWIFT_VERSION = 5.0;
				TARGETED_DEVICE_FAMILY = "1,2";
				TEST_HOST = "$(BUILT_PRODUCTS_DIR)/LinkBandDemo.app/$(BUNDLE_EXECUTABLE_FOLDER_PATH)/LinkBandDemo";
			};
			name = Debug;
		};
		492F1F5A2DDB33FF00F2D26E /* Release */ = {
			isa = XCBuildConfiguration;
			buildSettings = {
				BUNDLE_LOADER = "$(TEST_HOST)";
				CODE_SIGN_STYLE = Automatic;
				CURRENT_PROJECT_VERSION = 1;
				GENERATE_INFOPLIST_FILE = YES;
				IPHONEOS_DEPLOYMENT_TARGET = 18.4;
				MARKETING_VERSION = 1.0;
				PRODUCT_BUNDLE_IDENTIFIER = "Jack. LinkBandDemoTests";
				PRODUCT_NAME = "$(TARGET_NAME)";
				SWIFT_EMIT_LOC_STRINGS = NO;
				SWIFT_VERSION = 5.0;
				TARGETED_DEVICE_FAMILY = "1,2";
				TEST_HOST = "$(BUILT_PRODUCTS_DIR)/LinkBandDemo.app/$(BUNDLE_EXECUTABLE_FOLDER_PATH)/LinkBandDemo";
			};
			name = Release;
		};
		492F1F5C2DDB33FF00F2D26E /* Debug */ = {
			isa = XCBuildConfiguration;
			buildSettings = {
				CODE_SIGN_STYLE = Automatic;
				CURRENT_PROJECT_VERSION = 1;
				GENERATE_INFOPLIST_FILE = YES;
				MARKETING_VERSION = 1.0;
				PRODUCT_BUNDLE_IDENTIFIER = Jack.personalUITests;
				PRODUCT_NAME = "$(TARGET_NAME)";
				SWIFT_EMIT_LOC_STRINGS = NO;
				SWIFT_VERSION = 5.0;
				TARGETED_DEVICE_FAMILY = "1,2";
				TEST_TARGET_NAME = personal;
			};
			name = Debug;
		};
		492F1F5D2DDB33FF00F2D26E /* Release */ = {
			isa = XCBuildConfiguration;
			buildSettings = {
				CODE_SIGN_STYLE = Automatic;
				CURRENT_PROJECT_VERSION = 1;
				GENERATE_INFOPLIST_FILE = YES;
				MARKETING_VERSION = 1.0;
				PRODUCT_BUNDLE_IDENTIFIER = Jack.personalUITests;
				PRODUCT_NAME = "$(TARGET_NAME)";
				SWIFT_EMIT_LOC_STRINGS = NO;
				SWIFT_VERSION = 5.0;
				TARGETED_DEVICE_FAMILY = "1,2";
				TEST_TARGET_NAME = personal;
			};
			name = Release;
		};
/* End XCBuildConfiguration section */

/* Begin XCConfigurationList section */
		492F1F2F2DDB33FD00F2D26E /* Build configuration list for PBXProject "LinkBandDemo" */ = {
			isa = XCConfigurationList;
			buildConfigurations = (
				492F1F532DDB33FF00F2D26E /* Debug */,
				492F1F542DDB33FF00F2D26E /* Release */,
			);
			defaultConfigurationIsVisible = 0;
			defaultConfigurationName = Release;
		};
		492F1F552DDB33FF00F2D26E /* Build configuration list for PBXNativeTarget "LinkBandDemo" */ = {
			isa = XCConfigurationList;
			buildConfigurations = (
				492F1F562DDB33FF00F2D26E /* Debug */,
				492F1F572DDB33FF00F2D26E /* Release */,
			);
			defaultConfigurationIsVisible = 0;
			defaultConfigurationName = Release;
		};
		492F1F582DDB33FF00F2D26E /* Build configuration list for PBXNativeTarget "LinkBandDemoTests" */ = {
			isa = XCConfigurationList;
			buildConfigurations = (
				492F1F592DDB33FF00F2D26E /* Debug */,
				492F1F5A2DDB33FF00F2D26E /* Release */,
			);
			defaultConfigurationIsVisible = 0;
			defaultConfigurationName = Release;
		};
		492F1F5B2DDB33FF00F2D26E /* Build configuration list for PBXNativeTarget "LinkBandDemoUITests" */ = {
			isa = XCConfigurationList;
			buildConfigurations = (
				492F1F5C2DDB33FF00F2D26E /* Debug */,
				492F1F5D2DDB33FF00F2D26E /* Release */,
			);
			defaultConfigurationIsVisible = 0;
			defaultConfigurationName = Release;
		};
/* End XCConfigurationList section */

/* Begin XCRemoteSwiftPackageReference section */
		4922A3602E0A783B00D90BA8 /* XCRemoteSwiftPackageReference "SDK-iOS" */ = {
			isa = XCRemoteSwiftPackageReference;
			repositoryURL = "https://github.com/LooxidLabs/SDK-iOS.git";
			requirement = {
				branch = develop;
				kind = branch;
			};
		};
/* End XCRemoteSwiftPackageReference section */

/* Begin XCSwiftPackageProductDependency section */
		4922A3612E0A784B00D90BA8 /* BluetoothKit */ = {
			isa = XCSwiftPackageProductDependency;
			package = 4922A3602E0A783B00D90BA8 /* XCRemoteSwiftPackageReference "SDK-iOS" */;
			productName = BluetoothKit;
		};
/* End XCSwiftPackageProductDependency section */
	};
	rootObject = 492F1F2C2DDB33FD00F2D26E /* Project object */;
}
